
Microsoft Visual Studio Solution File, Format Version 12.00
# Visual Studio Version 17
VisualStudioVersion = 17.9.34728.123
MinimumVisualStudioVersion = 10.0.40219.1
Project("{FAE04EC0-301F-11D3-BF4B-00C04F79EFBC}") = "InventorySystem", "InventorySystem.csproj", "{6304D5A2-CB30-4EE7-BD5C-620E3BDC802B}"
EndProject
Global
	GlobalSection(SolutionConfigurationPlatforms) = preSolution
		Debug|Any CPU = Debug|Any CPU
		Release|Any CPU = Release|Any CPU
	EndGlobalSection
	GlobalSection(ProjectConfigurationPlatforms) = postSolution
		{6304D5A2-CB30-4EE7-BD5C-620E3BDC802B}.Debug|Any CPU.ActiveCfg = Debug|Any CPU
		{6304D5A2-CB30-4EE7-BD5C-620E3BDC802B}.Debug|Any CPU.Build.0 = Debug|Any CPU
		{6304D5A2-CB30-4EE7-BD5C-620E3BDC802B}.Release|Any CPU.ActiveCfg = Release|Any CPU
		{6304D5A2-CB30-4EE7-BD5C-620E3BDC802B}.Release|Any CPU.Build.0 = Release|Any CPU
	EndGlobalSection
	GlobalSection(SolutionProperties) = preSolution
		HideSolutionNode = FALSE
	EndGlobalSection
	GlobalSection(ExtensibilityGlobals) = postSolution
		SolutionGuid = {12837C79-B605-4762-BEC3-6D9C50ACDEDD}
	EndGlobalSection
EndGlobal
